lockfileVersion: '9.0'

settings:
  autoInstallPeers: true
  excludeLinksFromLockfile: false

importers:

  .:
    dependencies:
      '@vitejs/plugin-react':
        specifier: 6.0.3
        version: 6.0.3
      next:
        specifier: 16.2.10
        version: 16.2.10(react-dom@19.2.7(react@19.2.7))(react@19.2.7)
      openai:
        specifier: 6.47.0
        version: 6.47.0
      react:
        specifier: 19.2.7
        version: 19.2.7
      react-dom:
        specifier: 19.2.7
        version: 19.2.7(react@19.2.7)
      zod:
        specifier: 4.4.3
        version: 4.4.3
    devDependencies:
      '@playwright/test':
        specifier: 1.61.1
        version: 1.61.1
      '@types/node':
        specifier: 26.1.1
        version: 26.1.1
      '@types/react':
        specifier: 19.2.17
        version: 19.2.17
      '@types/react-dom':
        specifier: 19.2.3
        version: 19.2.3(@types/react@19.2.17)
      autoprefixer:
        specifier: 10.5.4
        version: 10.5.4(postcss@8.5.19)
      eslint:
        specifier: 9.39.5
        version: 9.39.5
      eslint-config-next:
        specifier: 16.2.10
        version: 16.2.10(eslint@9.39.5)(typescript@6.0.3)
      jsdom:
        specifier: 29.1.1
        version: 29.1.1
      postcss:
        specifier: 8.5.19
        version: 8.5.19
      tailwindcss:
        specifier: 4.3.3
        version: 4.3.3
      typescript:
        specifier: 6.0.3
        version: 6.0.3
      typescript-eslint:
        specifier: 8.64.0
        version: 8.64.0(eslint@9.39.5)(typescript@6.0.3)
      vitest:
        specifier: 4.1.10
        version: 4.1.10(jsdom@29.1.1)
